
Microsoft Visual Studio Solution File, Format Version 12.00
# Visual Studio Version 16
VisualStudioVersion = 16.0.29613.14
MinimumVisualStudioVersion = 10.0.40219.1
Project("{FAE04EC0-301F-11D3-BF4B-00C04F79EFBC}") = "BasicGrpcSample.Server", "BasicGrpcSample.Server\BasicGrpcSample.Server.csproj", "{9BEC926E-5C1E-408B-907E-DA2DF1BDD7CD}"
EndProject
Global
	GlobalSection(SolutionConfigurationPlatforms) = preSolution
		Debug|Any CPU = Debug|Any CPU
		Release|Any CPU = Release|Any CPU
	EndGlobalSection
	GlobalSection(ProjectConfigurationPlatforms) = postSolution
		{9BEC926E-5C1E-408B-907E-DA2DF1BDD7CD}.Debug|Any CPU.ActiveCfg = Debug|Any CPU
		{9BEC926E-5C1E-408B-907E-DA2DF1BDD7CD}.Debug|Any CPU.Build.0 = Debug|Any CPU
		{9BEC926E-5C1E-408B-907E-DA2DF1BDD7CD}.Release|Any CPU.ActiveCfg = Release|Any CPU
		{9BEC926E-5C1E-408B-907E-DA2DF1BDD7CD}.Release|Any CPU.Build.0 = Release|Any CPU
	EndGlobalSection
	GlobalSection(SolutionProperties) = preSolution
		HideSolutionNode = FALSE
	EndGlobalSection
	GlobalSection(ExtensibilityGlobals) = postSolution
		SolutionGuid = {5C6A4242-BB52-4295-B285-C363C1234B9F}
	EndGlobalSection
EndGlobal
