
Microsoft Visual Studio Solution File, Format Version 12.00
# Visual Studio Version 16
VisualStudioVersion = 16.0.29613.14
MinimumVisualStudioVersion = 10.0.40219.1
Project("{9A19103F-16F7-4668-BE54-9A1E7A4F7556}") = "BasicGrpcSample.Server", "BasicGrpcSample.Server\BasicGrpcSample.Server.csproj", "{9BEC926E-5C1E-408B-907E-DA2DF1BDD7CD}"
EndProject
Project("{9A19103F-16F7-4668-BE54-9A1E7A4F7556}") = "BasicGrpcSample.ConsoleClient", "BasicGrpcSample.ConsoleClient\BasicGrpcSample.ConsoleClient.csproj", "{FA136373-C912-417A-9C87-7DDFC41D8A69}"
EndProject
Project("{9A19103F-16F7-4668-BE54-9A1E7A4F7556}") = "BasicGrpcSample.WebClient", "BasicGrpcSample.WebClient\BasicGrpcSample.WebClient.csproj", "{87BC5FB1-E0BD-444E-AD10-489A36F461AD}"
EndProject
Project("{FAE04EC0-301F-11D3-BF4B-00C04F79EFBC}") = "BasicGrpcSample.FrameworkClient", "BasicGrpcSample.FrameworkClient\BasicGrpcSample.FrameworkClient.csproj", "{D2B038A3-2A6F-4F54-934C-53E7A2076862}"
EndProject
Global
	GlobalSection(SolutionConfigurationPlatforms) = preSolution
		Debug|Any CPU = Debug|Any CPU
		Release|Any CPU = Release|Any CPU
	EndGlobalSection
	GlobalSection(ProjectConfigurationPlatforms) = postSolution
		{9BEC926E-5C1E-408B-907E-DA2DF1BDD7CD}.Debug|Any CPU.ActiveCfg = Debug|Any CPU
		{9BEC926E-5C1E-408B-907E-DA2DF1BDD7CD}.Debug|Any CPU.Build.0 = Debug|Any CPU
		{9BEC926E-5C1E-408B-907E-DA2DF1BDD7CD}.Release|Any CPU.ActiveCfg = Release|Any CPU
		{9BEC926E-5C1E-408B-907E-DA2DF1BDD7CD}.Release|Any CPU.Build.0 = Release|Any CPU
		{FA136373-C912-417A-9C87-7DDFC41D8A69}.Debug|Any CPU.ActiveCfg = Debug|Any CPU
		{FA136373-C912-417A-9C87-7DDFC41D8A69}.Debug|Any CPU.Build.0 = Debug|Any CPU
		{FA136373-C912-417A-9C87-7DDFC41D8A69}.Release|Any CPU.ActiveCfg = Release|Any CPU
		{FA136373-C912-417A-9C87-7DDFC41D8A69}.Release|Any CPU.Build.0 = Release|Any CPU
		{87BC5FB1-E0BD-444E-AD10-489A36F461AD}.Debug|Any CPU.ActiveCfg = Debug|Any CPU
		{87BC5FB1-E0BD-444E-AD10-489A36F461AD}.Debug|Any CPU.Build.0 = Debug|Any CPU
		{87BC5FB1-E0BD-444E-AD10-489A36F461AD}.Release|Any CPU.ActiveCfg = Release|Any CPU
		{87BC5FB1-E0BD-444E-AD10-489A36F461AD}.Release|Any CPU.Build.0 = Release|Any CPU
		{D2B038A3-2A6F-4F54-934C-53E7A2076862}.Debug|Any CPU.ActiveCfg = Debug|Any CPU
		{D2B038A3-2A6F-4F54-934C-53E7A2076862}.Debug|Any CPU.Build.0 = Debug|Any CPU
		{D2B038A3-2A6F-4F54-934C-53E7A2076862}.Release|Any CPU.ActiveCfg = Release|Any CPU
		{D2B038A3-2A6F-4F54-934C-53E7A2076862}.Release|Any CPU.Build.0 = Release|Any CPU
	EndGlobalSection
	GlobalSection(SolutionProperties) = preSolution
		HideSolutionNode = FALSE
	EndGlobalSection
	GlobalSection(ExtensibilityGlobals) = postSolution
		SolutionGuid = {5C6A4242-BB52-4295-B285-C363C1234B9F}
	EndGlobalSection
EndGlobal
